
Microsoft Visual Studio Solution File, Format Version 12.00
# Visual Studio 2013
VisualStudioVersion = 12.0.31101.0
MinimumVisualStudioVersion = 10.0.40219.1
Project("{FAE04EC0-301F-11D3-BF4B-00C04F79EFBC}") = "TwoVersionsDLL", "TwoVersionsDLL\TwoVersionsDLL.csproj", "{5F7400EC-2E8F-41D1-B80B-E62A703D2C49}"
EndProject
Project("{FAE04EC0-301F-11D3-BF4B-00C04F79EFBC}") = "MockDLL", "MockDLL\MockDLL.csproj", "{F65B8C71-7DD5-47A6-8809-9F1FD8717852}"
EndProject
Global
	GlobalSection(SolutionConfigurationPlatforms) = preSolution
		Debug|Any CPU = Debug|Any CPU
		Release|Any CPU = Release|Any CPU
	EndGlobalSection
	GlobalSection(ProjectConfigurationPlatforms) = postSolution
		{5F7400EC-2E8F-41D1-B80B-E62A703D2C49}.Debug|Any CPU.ActiveCfg = Debug|Any CPU
		{5F7400EC-2E8F-41D1-B80B-E62A703D2C49}.Debug|Any CPU.Build.0 = Debug|Any CPU
		{5F7400EC-2E8F-41D1-B80B-E62A703D2C49}.Release|Any CPU.ActiveCfg = Release|Any CPU
		{5F7400EC-2E8F-41D1-B80B-E62A703D2C49}.Release|Any CPU.Build.0 = Release|Any CPU
		{F65B8C71-7DD5-47A6-8809-9F1FD8717852}.Debug|Any CPU.ActiveCfg = Debug|Any CPU
		{F65B8C71-7DD5-47A6-8809-9F1FD8717852}.Debug|Any CPU.Build.0 = Debug|Any CPU
		{F65B8C71-7DD5-47A6-8809-9F1FD8717852}.Release|Any CPU.ActiveCfg = Release|Any CPU
		{F65B8C71-7DD5-47A6-8809-9F1FD8717852}.Release|Any CPU.Build.0 = Release|Any CPU
	EndGlobalSection
	GlobalSection(SolutionProperties) = preSolution
		HideSolutionNode = FALSE
	EndGlobalSection
EndGlobal
